
Microsoft Visual Studio Solution File, Format Version 12.00
# Visual Studio Version 16
VisualStudioVersion = 16.0.31129.286
MinimumVisualStudioVersion = 10.0.40219.1
Project("{FAE04EC0-301F-11D3-BF4B-00C04F79EFBC}") = "MYmvc", "MYmvc\MYmvc.csproj", "{1DD218AA-C50B-4C34-AC38-1E20601DDF46}"
EndProject
Project("{FAE04EC0-301F-11D3-BF4B-00C04F79EFBC}") = "EntityLayer", "EntityLayer\EntityLayer.csproj", "{CC33DEC1-F636-4B3E-93D1-37F8EDE1E904}"
EndProject
Project("{FAE04EC0-301F-11D3-BF4B-00C04F79EFBC}") = "DataAccessLayer", "DataAccessLayer\DataAccessLayer.csproj", "{34B7EE05-1297-469A-8923-7AC190673326}"
EndProject
Project("{FAE04EC0-301F-11D3-BF4B-00C04F79EFBC}") = "BusinessLayer", "BusinessLayer\BusinessLayer.csproj", "{CFE1DF1C-7BDD-46D3-A295-0714E5A8BDF1}"
EndProject
Global
	GlobalSection(SolutionConfigurationPlatforms) = preSolution
		Debug|Any CPU = Debug|Any CPU
		Release|Any CPU = Release|Any CPU
	EndGlobalSection
	GlobalSection(ProjectConfigurationPlatforms) = postSolution
		{1DD218AA-C50B-4C34-AC38-1E20601DDF46}.Debug|Any CPU.ActiveCfg = Debug|Any CPU
		{1DD218AA-C50B-4C34-AC38-1E20601DDF46}.Debug|Any CPU.Build.0 = Debug|Any CPU
		{1DD218AA-C50B-4C34-AC38-1E20601DDF46}.Release|Any CPU.ActiveCfg = Release|Any CPU
		{1DD218AA-C50B-4C34-AC38-1E20601DDF46}.Release|Any CPU.Build.0 = Release|Any CPU
		{CC33DEC1-F636-4B3E-93D1-37F8EDE1E904}.Debug|Any CPU.ActiveCfg = Debug|Any CPU
		{CC33DEC1-F636-4B3E-93D1-37F8EDE1E904}.Debug|Any CPU.Build.0 = Debug|Any CPU
		{CC33DEC1-F636-4B3E-93D1-37F8EDE1E904}.Release|Any CPU.ActiveCfg = Release|Any CPU
		{CC33DEC1-F636-4B3E-93D1-37F8EDE1E904}.Release|Any CPU.Build.0 = Release|Any CPU
		{34B7EE05-1297-469A-8923-7AC190673326}.Debug|Any CPU.ActiveCfg = Debug|Any CPU
		{34B7EE05-1297-469A-8923-7AC190673326}.Debug|Any CPU.Build.0 = Debug|Any CPU
		{34B7EE05-1297-469A-8923-7AC190673326}.Release|Any CPU.ActiveCfg = Release|Any CPU
		{34B7EE05-1297-469A-8923-7AC190673326}.Release|Any CPU.Build.0 = Release|Any CPU
		{CFE1DF1C-7BDD-46D3-A295-0714E5A8BDF1}.Debug|Any CPU.ActiveCfg = Debug|Any CPU
		{CFE1DF1C-7BDD-46D3-A295-0714E5A8BDF1}.Debug|Any CPU.Build.0 = Debug|Any CPU
		{CFE1DF1C-7BDD-46D3-A295-0714E5A8BDF1}.Release|Any CPU.ActiveCfg = Release|Any CPU
		{CFE1DF1C-7BDD-46D3-A295-0714E5A8BDF1}.Release|Any CPU.Build.0 = Release|Any CPU
	EndGlobalSection
	GlobalSection(SolutionProperties) = preSolution
		HideSolutionNode = FALSE
	EndGlobalSection
	GlobalSection(ExtensibilityGlobals) = postSolution
		SolutionGuid = {55623F73-44CE-4B68-88CA-033ABF81EA62}
	EndGlobalSection
EndGlobal
